github.com/beorn7/perks v1.0.1 h1:VlbKKnNfV8bJzeqoa4cOKqO6bYr3WgKZxO8Z16+hsOM=
github.com/cespare/xxhash/v2 v2.2.0 h1:DC2CZ1Ep5Y4k3ZQ899DldepgrayRUGE6BBZ/cd9Cj44=
github.com/davecgh/go-spew v1.1.1 h1:vj9j/u1bqnvCEfJOwUhtlOARqs3+rkHYY13jYWTU97c=
github.com/davecgh/go-spew v1.1.1/go.mod h1:J7Y8YcW2NihsgmVo/mv3lAwl/skON4iLHjSsI+c5H38=
github.com/go-test/deep v1.1.0 h1:WOcxcdHcvdgThNXjw0t76K42FXTU7HpNQWHpA2HHNlg=
github.com/golang/protobuf v1.5.3 h1:KhyjKVUg7Usr/dYsdSqoFveMYd5ko72D+zANwlG1mmg=
github.com/google/go-cmp v0.5.9 h1:O2Tfq5qg4qc4AmwVlvv0oLiVAGB7enBSJ2x2DqQFi38=
github.com/google/go-containerregistry v0.16.1 h1:rUEt426sR6nyrL3gt+18ibRcvYpKYdpsa5ZW7MA08dQ=
github.com/google/go-containerregistry v0.16.1/go.mod h1:u0qB2l7mvtWVR5kNcbFIhFY1hLbf8eeGapA+vbFDCtQ=
github.com/iancoleman/orderedmap v0.3.0 h1:5cbR2grmZR/DiVt+VJopEhtVs9YGInGIxAoMJn+Ichc=
github.com/iancoleman/orderedmap v0.3.0/go.mod h1:XuLcCUkdL5owUCQeF2Ue9uuw1EptkJDkXXS7VoV7XGE=
github.com/intel/ehsm/sdk/go v0.0.0-20230829025042-083eafc697cf h1:ANRGZeIH8Iu7xBBozlFFMTJPu53jvLe9HLYH5476Pas=
github.com/intel/ehsm/sdk/go v0.0.0-20230829025042-083eafc697cf/go.mod h1:Ov4biQjuETvPtQTZru2psDYzVeSs9KV8ieSn84QxYWE=
github.com/jellydator/ttlcache/v3 v3.0.1 h1:cHgCSMS7TdQcoprXnWUptJZzyFsqs18Lt8VVhRuZYVU=
github.com/jellydator/ttlcache/v3 v3.0.1/go.mod h1:WwTaEmcXQ3MTjOm4bsZoDFiCu/hMvNWLO1w67RXz6h4=
github.com/jmhodges/clock v1.2.0 h1:eq4kys+NI0PLngzaHEe7AmPT90XMGIEySD1JfV1PDIs=
github.com/kr/pretty v0.2.1 h1:Fmg33tUaq4/8ym9TJN1x7sLJnHVwhP33CNkpYV/7rwI=
github.com/kr/text v0.1.0 h1:45sCR5RtlFHMR4UwH9sdQ5TC8v0qDQCHnXt+kaKSTVE=
github.com/letsencrypt/boulder v0.0.0-20230810172437-1962d8687c30 h1:ZamX0B7/R3EQMY7eu6Rn0bM5236QGkZ3+qt3ErtQcnY=
github.com/letsencrypt/boulder v0.0.0-20230810172437-1962d8687c30/go.mod h1:IIM5jyFzVPuATTgk/ZcMLtLhCWx61uif9v1sRhFnlo8=
github.com/matttproud/golang_protobuf_extensions v1.0.4 h1:mmDVorXM7PCGKw94cs5zkfA9PSy5pEvNWRP0ET0TIVo=
github.com/opencontainers/go-digest v1.0.0 h1:apOUWs51W5PlhuyGyz9FCeeBIOUDA/6nW8Oi/yOhh5U=
github.com/opencontainers/go-digest v1.0.0/go.mod h1:0JzlMkj0TRzQZfJkVvzbP0HBR3IKzErnv2BNG4W4MAM=
github.com/pmezard/go-difflib v1.0.0 h1:4DBwDE0NGyQoBHbLQYPwSUPoCMWR5BEzIk/f1lZbAQM=
github.com/pmezard/go-difflib v1.0.0/go.mod h1:iKH77koFhYxTK1pcRnkKkqfTogsbg7gZNVY4sRDYZ/4=
github.com/prometheus/client_golang v1.15.1 h1:8tXpTmJbyH5lydzFPoxSIJ0J46jdh3tylbvM1xCv0LI=
github.com/prometheus/client_model v0.4.0 h1:5lQXD3cAg1OXBf4Wq03gTrXHeaV0TQvGfUooCfx1yqY=
github.com/prometheus/common v0.42.0 h1:EKsfXEYo4JpWMHH5cg+KOUWeuJSov1Id8zGR8eeI1YM=
github.com/prometheus/procfs v0.9.0 h1:wzCHvIvM5SxWqYvwgVL7yJY8Lz3PKn49KQtpgMYJfhI=
github.com/stretchr/testify v1.8.4 h1:CcVxjf3Q8PM0mHUKJCdn+eZZtm5yQwehR5yeSVQQcUk=
github.com/stretchr/testify v1.8.4/go.mod h1:sz/lmYIOXD/1dqDmKjjqLyZ2RngseejIcXlSw2iwfAo=
github.com/theupdateframework/go-tuf v0.6.1 h1:6J89fGjQf7s0mLmTG7p7pO/MbKOg+bIXhaLyQdmbKuE=
github.com/theupdateframework/go-tuf v0.6.1/go.mod h1:LAFusuQsFNBnEyYoTuA5zZrF7iaQ4TEgBXm8lb6Vj18=
github.com/titanous/rocacheck v0.0.0-20171023193734-afe73141d399 h1:e/5i7d4oYZ+C1wj2THlRK+oAhjeS/TRQwMfkIuet3w0=
github.com/titanous/rocacheck v0.0.0-20171023193734-afe73141d399/go.mod h1:LdwHTNJT99C5fTAzDz0ud328OgXz+gierycbcIx2fRs=
github.com/tjfoc/gmsm v1.4.1 h1:aMe1GlZb+0bLjn+cKTPEvvn9oUEBlJitaZiiBwsbgho=
go.opentelemetry.io/otel v1.15.0 h1:NIl24d4eiLJPM0vKn4HjLYM+UZf6gSfi9Z+NmCxkWbk=
go.opentelemetry.io/otel/trace v1.15.0 h1:5Fwje4O2ooOxkfyqI/kJwxWotggDLix4BSAvpE1wlpo=
go.uber.org/goleak v1.1.10 h1:z+mqJhf6ss6BSfSM671tgKyZBFPTTJM+HLxnhPC3wu0=
golang.org/x/crypto v0.12.0 h1:tFM/ta59kqch6LlvYnPa0yx5a83cL2nHflFhYKvv9Yk=
golang.org/x/crypto v0.12.0/go.mod h1:NF0Gs7EO5K4qLn+Ylc+fih8BSTeIjAP05siRnAh98yw=
golang.org/x/lint v0.0.0-20201208152925-83fdc39ff7b5 h1:2M3HP5CCK1Si9FQhwnzYhXdG6DXeebvUHFpre8QvbyI=
golang.org/x/sync v0.3.0 h1:ftCYgMx6zT/asHUrPw8BLLscYtGznsLAnjq5RH9P66E=
golang.org/x/sync v0.3.0/go.mod h1:FU7BRWz2tNW+3quACPkgCx/L+uEAv1htQ0V83Z9Rj+Y=
golang.org/x/sys v0.11.0 h1:eG7RXZHdqOJ1i+0lgLgCpSXAp6M3LYlAo6osgSi0xOM=
golang.org/x/sys v0.11.0/go.mod h1:oPkhp1MJrh7nUepCBck5+mAzfO9JrbApNNgaTdGDITg=
golang.org/x/term v0.11.0 h1:F9tnn/DA/Im8nCwm+fX+1/eBwi4qFjRT++MhtVC4ZX0=
golang.org/x/term v0.11.0/go.mod h1:zC9APTIj3jG3FdV/Ons+XE1riIZXG4aZ4GTHiPZJPIU=
golang.org/x/tools v0.9.1 h1:8WMNJAz3zrtPmnYC7ISf5dEn3MT0gY7jBJfw27yrrLo=
google.golang.org/genproto/googleapis/rpc v0.0.0-20230530153820-e85fd2cbaebc h1:XSJ8Vk1SWuNr8S18z1NZSziL0CPIXLCCMDOEFtHBOFc=
google.golang.org/genproto/googleapis/rpc v0.0.0-20230530153820-e85fd2cbaebc/go.mod h1:66JfowdXAEgad5O9NnYcsNPLCPZJD++2L9X0PCMODrA=
google.golang.org/grpc v1.56.0 h1:+y7Bs8rtMd07LeXmL3NxcTLn7mUkbKZqEpPhMNkwJEE=
google.golang.org/grpc v1.56.0/go.mod h1:I9bI3vqKfayGqPUAwGdOSu7kt6oIJLixfffKrpXqQ9s=
google.golang.org/protobuf v1.31.0 h1:g0LDEJHgrBl9N9r17Ru3sqWhkIx2NB67okBHPwC7hs8=
gopkg.in/check.v1 v0.0.0-20161208181325-20d25e280405/go.mod h1:Co6ibVJAznAaIkqp8huTwlJQCZ016jof/cbN4VW5Yz0=
gopkg.in/check.v1 v1.0.0-20201130134442-10cb98267c6c h1:Hei/4ADfdWqJk1ZMxUNpqntNwaWcugrBjAiHlqqRiVk=
gopkg.in/go-jose/go-jose.v2 v2.6.1 h1:qEzJlIDmG9q5VO0M/o8tGS65QMHMS1w01TQJB1VPJ4U=
gopkg.in/go-jose/go-jose.v2 v2.6.1/go.mod h1:zzZDPkNNw/c9IE7Z9jr11mBZQhKQTMzoEEIoEdZlFBI=
gopkg.in/yaml.v3 v3.0.1 h1:fxVm/GzAzEWqLHuvctI91KS9hhNmmWOoWu0XTYJS7CA=
gopkg.in/yaml.v3 v3.0.1/go.mod h1:K4uyk7z7BCEPqu6E+C64Yfv1cQ7kz7rIZviUmN+EgEM=
